{
    "_readme": [
        "This file locks the dependencies of your project to a known state",
        "Read more about it at https://getcomposer.org/doc/01-basic-usage.md#composer-lock-the-lock-file",
        "This file is @generated automatically"
    ],
    "hash": "49ce7e0e47926d245869a3485cd51279",
    "content-hash": "dba17c1e2abd2f0377d4a2f245cd06a9",
    "packages": [
        {
            "name": "clue/socket-raw",
            "version": "v1.2.0",
            "source": {
                "type": "git",
                "url": "https://github.com/clue/php-socket-raw.git",
                "reference": "8a10282bcb1e45e076a8a8285237681380e55ea5"
            },
            "dist": {
                "type": "zip",
                "url": "https://api.github.com/repos/clue/php-socket-raw/zipball/8a10282bcb1e45e076a8a8285237681380e55ea5",
                "reference": "8a10282bcb1e45e076a8a8285237681380e55ea5",
                "shasum": ""
            },
            "require": {
                "ext-sockets": "*",
                "php": ">=5.3"
            },
            "type": "library",
            "autoload": {
                "psr-4": {
                    "Socket\\Raw\\": "src"
                }
            },
            "notification-url": "https://packagist.org/downloads/",
            "license": [
                "MIT"
            ],
            "authors": [
                {
                    "name": "Christian Lück",
                    "email": "christian@lueck.tv"
                }
            ],
            "description": "Simple and lightweight OOP wrapper for PHP's low level sockets extension (ext-sockets)",
            "homepage": "https://github.com/clue/php-socket-raw",
            "keywords": [
                "Socket",
                "client",
                "datagram",
                "dgram",
                "icmp",
                "ipv6",
                "server",
                "stream",
                "tcp",
                "udg",
                "udp",
                "unix"
            ],
            "time": "2015-03-18 23:48:01"
        },
        {
            "name": "fkooman/http",
            "version": "1.3.1",
            "source": {
                "type": "git",
                "url": "https://github.com/fkooman/php-lib-http.git",
                "reference": "0129ca281a41a4d12f95249cd5c69199a68a5a9a"
            },
            "dist": {
                "type": "zip",
                "url": "https://api.github.com/repos/fkooman/php-lib-http/zipball/0129ca281a41a4d12f95249cd5c69199a68a5a9a",
                "reference": "0129ca281a41a4d12f95249cd5c69199a68a5a9a",
                "shasum": ""
            },
            "require": {
                "ext-mbstring": "*",
                "ext-session": "*",
                "ext-spl": "*",
                "fkooman/json": "^1.0.0",
                "php": ">=5.3.0"
            },
            "suggest": {
                "fkooman/rest": "Simple PHP library for writing REST services."
            },
            "type": "library",
            "autoload": {
                "psr-0": {
                    "fkooman\\Http\\": "src/"
                }
            },
            "notification-url": "https://packagist.org/downloads/",
            "license": [
                "Apache-2.0"
            ],
            "authors": [
                {
                    "name": "François Kooman",
                    "email": "fkooman@tuxed.net",
                    "role": "Developer"
                }
            ],
            "description": "Simple PHP library for dealing with HTTP requests and responses.",
            "time": "2015-11-23 09:45:02"
        },
        {
            "name": "fkooman/ini",
            "version": "1.0.0",
            "source": {
                "type": "git",
                "url": "https://github.com/fkooman/php-lib-ini.git",
                "reference": "b380a88e42ce2184e822cc8b89223cd777c484be"
            },
            "dist": {
                "type": "zip",
                "url": "https://api.github.com/repos/fkooman/php-lib-ini/zipball/b380a88e42ce2184e822cc8b89223cd777c484be",
                "reference": "b380a88e42ce2184e822cc8b89223cd777c484be",
                "shasum": ""
            },
            "require": {
                "ext-spl": "*",
                "php": ">=5.3.3"
            },
            "type": "library",
            "autoload": {
                "psr-0": {
                    "fkooman\\Ini\\": "src/"
                }
            },
            "notification-url": "https://packagist.org/downloads/",
            "license": [
                "Apache-2.0"
            ],
            "authors": [
                {
                    "name": "François Kooman",
                    "email": "fkooman@tuxed.net",
                    "role": "Developer"
                }
            ],
            "description": "Handle INI configuration files",
            "time": "2015-07-13 12:06:01"
        },
        {
            "name": "fkooman/json",
            "version": "1.0.0",
            "source": {
                "type": "git",
                "url": "https://github.com/fkooman/php-lib-json.git",
                "reference": "f24b7ee1890b29358402defcd9581a4e969e40d7"
            },
            "dist": {
                "type": "zip",
                "url": "https://api.github.com/repos/fkooman/php-lib-json/zipball/f24b7ee1890b29358402defcd9581a4e969e40d7",
                "reference": "f24b7ee1890b29358402defcd9581a4e969e40d7",
                "shasum": ""
            },
            "require": {
                "ext-json": "*",
                "ext-spl": "*",
                "php": ">=5.3.3"
            },
            "type": "library",
            "autoload": {
                "psr-0": {
                    "fkooman\\Json\\": "src/"
                }
            },
            "notification-url": "https://packagist.org/downloads/",
            "license": [
                "Apache-2.0"
            ],
            "authors": [
                {
                    "name": "François Kooman",
                    "email": "fkooman@tuxed.net",
                    "role": "Developer"
                }
            ],
            "description": "PHP library to encode and decode JSON",
            "time": "2015-07-13 11:58:01"
        },
        {
            "name": "fkooman/rest",
            "version": "1.0.5",
            "source": {
                "type": "git",
                "url": "https://github.com/fkooman/php-lib-rest.git",
                "reference": "ac6a7931b7cb7e4df98b378bcc7b9e4c86d5ee8e"
            },
            "dist": {
                "type": "zip",
                "url": "https://api.github.com/repos/fkooman/php-lib-rest/zipball/ac6a7931b7cb7e4df98b378bcc7b9e4c86d5ee8e",
                "reference": "ac6a7931b7cb7e4df98b378bcc7b9e4c86d5ee8e",
                "shasum": ""
            },
            "require": {
                "ext-pcre": "*",
                "ext-spl": "*",
                "fkooman/http": "^1.1.0",
                "php": ">=5.3.0"
            },
            "suggest": {
                "fkooman/rest-plugin-authentication": "Authentication plugin"
            },
            "type": "library",
            "autoload": {
                "psr-0": {
                    "fkooman\\Rest\\": "src/"
                }
            },
            "notification-url": "https://packagist.org/downloads/",
            "license": [
                "Apache-2.0"
            ],
            "authors": [
                {
                    "name": "François Kooman",
                    "email": "fkooman@tuxed.net",
                    "role": "Developer"
                }
            ],
            "description": "Simple PHP library for writing REST services.",
            "time": "2015-10-07 11:53:32"
        },
        {
            "name": "fkooman/rest-plugin-authentication",
            "version": "2.0.0",
            "source": {
                "type": "git",
                "url": "https://github.com/fkooman/php-lib-rest-plugin-authentication.git",
                "reference": "262fbdba24cf1c5b02016dafc65e9fff37fa6cd0"
            },
            "dist": {
                "type": "zip",
                "url": "https://api.github.com/repos/fkooman/php-lib-rest-plugin-authentication/zipball/262fbdba24cf1c5b02016dafc65e9fff37fa6cd0",
                "reference": "262fbdba24cf1c5b02016dafc65e9fff37fa6cd0",
                "shasum": ""
            },
            "require": {
                "ext-spl": "*",
                "fkooman/rest": "^1.0.0",
                "php": ">=5.3.0"
            },
            "suggest": {
                "fkooman/rest-plugin-authentication-basic": "Basic Authentication plugin",
                "fkooman/rest-plugin-authentication-bearer": "Bearer (OAuth) Authentication plugin",
                "fkooman/rest-plugin-authentication-form": "HTML Form Authentication Plugin",
                "fkooman/rest-plugin-authentication-indieauth": "IndieAuth Authentication plugin",
                "fkooman/rest-plugin-authentication-mellon": "Mellon (SAML) Authentication plugin",
                "fkooman/rest-plugin-authentication-tls": "TLS Client Certificate Authentication plugin"
            },
            "type": "library",
            "autoload": {
                "psr-0": {
                    "fkooman\\Rest\\Plugin\\Authentication\\": "src/"
                }
            },
            "notification-url": "https://packagist.org/downloads/",
            "license": [
                "Apache-2.0"
            ],
            "authors": [
                {
                    "name": "François Kooman",
                    "email": "fkooman@tuxed.net",
                    "role": "Developer"
                }
            ],
            "description": "Authentication plugin for fkooman/rest",
            "time": "2015-11-19 12:28:26"
        },
        {
            "name": "fkooman/rest-plugin-authentication-basic",
            "version": "2.0.0",
            "source": {
                "type": "git",
                "url": "https://github.com/fkooman/php-lib-rest-plugin-authentication-basic.git",
                "reference": "8dac61330f40474bb8aec9edfbac616007c90b5b"
            },
            "dist": {
                "type": "zip",
                "url": "https://api.github.com/repos/fkooman/php-lib-rest-plugin-authentication-basic/zipball/8dac61330f40474bb8aec9edfbac616007c90b5b",
                "reference": "8dac61330f40474bb8aec9edfbac616007c90b5b",
                "shasum": ""
            },
            "require": {
                "fkooman/rest": "^1.0.0",
                "fkooman/rest-plugin-authentication": "^2.0.0",
                "ircmaxell/password-compat": "~1.0",
                "php": ">=5.3.0"
            },
            "type": "library",
            "autoload": {
                "psr-0": {
                    "fkooman\\Rest\\Plugin\\Authentication\\Basic\\": "src/"
                }
            },
            "notification-url": "https://packagist.org/downloads/",
            "license": [
                "Apache-2.0"
            ],
            "authors": [
                {
                    "name": "François Kooman",
                    "email": "fkooman@tuxed.net",
                    "role": "Developer"
                }
            ],
            "description": "Basic Authentication plugin for fkooman/rest-plugin-authentication",
            "time": "2015-11-19 12:30:58"
        },
        {
            "name": "ircmaxell/password-compat",
            "version": "v1.0.4",
            "source": {
                "type": "git",
                "url": "https://github.com/ircmaxell/password_compat.git",
                "reference": "5c5cde8822a69545767f7c7f3058cb15ff84614c"
            },
            "dist": {
                "type": "zip",
                "url": "https://api.github.com/repos/ircmaxell/password_compat/zipball/5c5cde8822a69545767f7c7f3058cb15ff84614c",
                "reference": "5c5cde8822a69545767f7c7f3058cb15ff84614c",
                "shasum": ""
            },
            "require-dev": {
                "phpunit/phpunit": "4.*"
            },
            "type": "library",
            "autoload": {
                "files": [
                    "lib/password.php"
                ]
            },
            "notification-url": "https://packagist.org/downloads/",
            "license": [
                "MIT"
            ],
            "authors": [
                {
                    "name": "Anthony Ferrara",
                    "email": "ircmaxell@php.net",
                    "homepage": "http://blog.ircmaxell.com"
                }
            ],
            "description": "A compatibility library for the proposed simplified password hashing algorithm: https://wiki.php.net/rfc/password_hash",
            "homepage": "https://github.com/ircmaxell/password_compat",
            "keywords": [
                "hashing",
                "password"
            ],
            "time": "2014-11-20 16:49:30"
        }
    ],
    "packages-dev": [],
    "aliases": [],
    "minimum-stability": "stable",
    "stability-flags": [],
    "prefer-stable": false,
    "prefer-lowest": false,
    "platform": {
        "ext-sockets": "*",
        "php": ">=5.4"
    },
    "platform-dev": []
}
